
Microsoft Visual Studio Solution File, Format Version 12.00
# Visual Studio Version 16
VisualStudioVersion = 16.0.29728.190
MinimumVisualStudioVersion = 10.0.40219.1
Project("{FAE04EC0-301F-11D3-BF4B-00C04F79EFBC}") = "MyBodyTemperature", "MyBodyTemperature\MyBodyTemperature.csproj", "{8E55F8A7-A0A7-479D-8D21-A3693B4EA506}"
EndProject
Project("{FAE04EC0-301F-11D3-BF4B-00C04F79EFBC}") = "MyBodyTemperature.Android", "MyBodyTemperature.Android\MyBodyTemperature.Android.csproj", "{0D54038D-37E0-46A4-BE4C-43F8654814EE}"
EndProject
Project("{FAE04EC0-301F-11D3-BF4B-00C04F79EFBC}") = "MyBodyTemperature.iOS", "MyBodyTemperature.iOS\MyBodyTemperature.iOS.csproj", "{4F60C4AD-9393-4DF5-B7F9-FBC21FFE57CD}"
EndProject
Global
	GlobalSection(SolutionConfigurationPlatforms) = preSolution
		Ad-Hoc|Any CPU = Ad-Hoc|Any CPU
		Ad-Hoc|iPhone = Ad-Hoc|iPhone
		Ad-Hoc|iPhoneSimulator = Ad-Hoc|iPhoneSimulator
		AppStore|Any CPU = AppStore|Any CPU
		AppStore|iPhone = AppStore|iPhone
		AppStore|iPhoneSimulator = AppStore|iPhoneSimulator
		Debug|Any CPU = Debug|Any CPU
		Debug|iPhone = Debug|iPhone
		Debug|iPhoneSimulator = Debug|iPhoneSimulator
		Release|Any CPU = Release|Any CPU
		Release|iPhone = Release|iPhone
		Release|iPhoneSimulator = Release|iPhoneSimulator
	EndGlobalSection
	GlobalSection(ProjectConfigurationPlatforms) = postSolution
		{8E55F8A7-A0A7-479D-8D21-A3693B4EA506}.Ad-Hoc|Any CPU.ActiveCfg = Debug|Any CPU
		{8E55F8A7-A0A7-479D-8D21-A3693B4EA506}.Ad-Hoc|Any CPU.Build.0 = Debug|Any CPU
		{8E55F8A7-A0A7-479D-8D21-A3693B4EA506}.Ad-Hoc|iPhone.ActiveCfg = Debug|Any CPU
		{8E55F8A7-A0A7-479D-8D21-A3693B4EA506}.Ad-Hoc|iPhone.Build.0 = Debug|Any CPU
		{8E55F8A7-A0A7-479D-8D21-A3693B4EA506}.Ad-Hoc|iPhoneSimulator.ActiveCfg = Debug|Any CPU
		{8E55F8A7-A0A7-479D-8D21-A3693B4EA506}.Ad-Hoc|iPhoneSimulator.Build.0 = Debug|Any CPU
		{8E55F8A7-A0A7-479D-8D21-A3693B4EA506}.AppStore|Any CPU.ActiveCfg = Debug|Any CPU
		{8E55F8A7-A0A7-479D-8D21-A3693B4EA506}.AppStore|Any CPU.Build.0 = Debug|Any CPU
		{8E55F8A7-A0A7-479D-8D21-A3693B4EA506}.AppStore|iPhone.ActiveCfg = Debug|Any CPU
		{8E55F8A7-A0A7-479D-8D21-A3693B4EA506}.AppStore|iPhone.Build.0 = Debug|Any CPU
		{8E55F8A7-A0A7-479D-8D21-A3693B4EA506}.AppStore|iPhoneSimulator.ActiveCfg = Debug|Any CPU
		{8E55F8A7-A0A7-479D-8D21-A3693B4EA506}.AppStore|iPhoneSimulator.Build.0 = Debug|Any CPU
		{8E55F8A7-A0A7-479D-8D21-A3693B4EA506}.Debug|Any CPU.ActiveCfg = Debug|Any CPU
		{8E55F8A7-A0A7-479D-8D21-A3693B4EA506}.Debug|Any CPU.Build.0 = Debug|Any CPU
		{8E55F8A7-A0A7-479D-8D21-A3693B4EA506}.Debug|iPhone.ActiveCfg = Debug|Any CPU
		{8E55F8A7-A0A7-479D-8D21-A3693B4EA506}.Debug|iPhone.Build.0 = Debug|Any CPU
		{8E55F8A7-A0A7-479D-8D21-A3693B4EA506}.Debug|iPhoneSimulator.ActiveCfg = Debug|Any CPU
		{8E55F8A7-A0A7-479D-8D21-A3693B4EA506}.Debug|iPhoneSimulator.Build.0 = Debug|Any CPU
		{8E55F8A7-A0A7-479D-8D21-A3693B4EA506}.Release|Any CPU.ActiveCfg = Release|Any CPU
		{8E55F8A7-A0A7-479D-8D21-A3693B4EA506}.Release|Any CPU.Build.0 = Release|Any CPU
		{8E55F8A7-A0A7-479D-8D21-A3693B4EA506}.Release|iPhone.ActiveCfg = Release|Any CPU
		{8E55F8A7-A0A7-479D-8D21-A3693B4EA506}.Release|iPhone.Build.0 = Release|Any CPU
		{8E55F8A7-A0A7-479D-8D21-A3693B4EA506}.Release|iPhoneSimulator.ActiveCfg = Release|Any CPU
		{8E55F8A7-A0A7-479D-8D21-A3693B4EA506}.Release|iPhoneSimulator.Build.0 = Release|Any CPU
		{0D54038D-37E0-46A4-BE4C-43F8654814EE}.Ad-Hoc|Any CPU.ActiveCfg = Release|Any CPU
		{0D54038D-37E0-46A4-BE4C-43F8654814EE}.Ad-Hoc|Any CPU.Build.0 = Release|Any CPU
		{0D54038D-37E0-46A4-BE4C-43F8654814EE}.Ad-Hoc|Any CPU.Deploy.0 = Release|Any CPU
		{0D54038D-37E0-46A4-BE4C-43F8654814EE}.Ad-Hoc|iPhone.ActiveCfg = Release|Any CPU
		{0D54038D-37E0-46A4-BE4C-43F8654814EE}.Ad-Hoc|iPhone.Build.0 = Release|Any CPU
		{0D54038D-37E0-46A4-BE4C-43F8654814EE}.Ad-Hoc|iPhone.Deploy.0 = Release|Any CPU
		{0D54038D-37E0-46A4-BE4C-43F8654814EE}.Ad-Hoc|iPhoneSimulator.ActiveCfg = Release|Any CPU
		{0D54038D-37E0-46A4-BE4C-43F8654814EE}.Ad-Hoc|iPhoneSimulator.Build.0 = Release|Any CPU
		{0D54038D-37E0-46A4-BE4C-43F8654814EE}.Ad-Hoc|iPhoneSimulator.Deploy.0 = Release|Any CPU
		{0D54038D-37E0-46A4-BE4C-43F8654814EE}.AppStore|Any CPU.ActiveCfg = Release|Any CPU
		{0D54038D-37E0-46A4-BE4C-43F8654814EE}.AppStore|Any CPU.Build.0 = Release|Any CPU
		{0D54038D-37E0-46A4-BE4C-43F8654814EE}.AppStore|Any CPU.Deploy.0 = Release|Any CPU
		{0D54038D-37E0-46A4-BE4C-43F8654814EE}.AppStore|iPhone.ActiveCfg = Release|Any CPU
		{0D54038D-37E0-46A4-BE4C-43F8654814EE}.AppStore|iPhone.Build.0 = Release|Any CPU
		{0D54038D-37E0-46A4-BE4C-43F8654814EE}.AppStore|iPhone.Deploy.0 = Release|Any CPU
		{0D54038D-37E0-46A4-BE4C-43F8654814EE}.AppStore|iPhoneSimulator.ActiveCfg = Release|Any CPU
		{0D54038D-37E0-46A4-BE4C-43F8654814EE}.AppStore|iPhoneSimulator.Build.0 = Release|Any CPU
		{0D54038D-37E0-46A4-BE4C-43F8654814EE}.AppStore|iPhoneSimulator.Deploy.0 = Release|Any CPU
		{0D54038D-37E0-46A4-BE4C-43F8654814EE}.Debug|Any CPU.ActiveCfg = Debug|Any CPU
		{0D54038D-37E0-46A4-BE4C-43F8654814EE}.Debug|Any CPU.Build.0 = Debug|Any CPU
		{0D54038D-37E0-46A4-BE4C-43F8654814EE}.Debug|Any CPU.Deploy.0 = Debug|Any CPU
		{0D54038D-37E0-46A4-BE4C-43F8654814EE}.Debug|iPhone.ActiveCfg = Debug|Any CPU
		{0D54038D-37E0-46A4-BE4C-43F8654814EE}.Debug|iPhone.Build.0 = Debug|Any CPU
		{0D54038D-37E0-46A4-BE4C-43F8654814EE}.Debug|iPhone.Deploy.0 = Debug|Any CPU
		{0D54038D-37E0-46A4-BE4C-43F8654814EE}.Debug|iPhoneSimulator.ActiveCfg = Debug|Any CPU
		{0D54038D-37E0-46A4-BE4C-43F8654814EE}.Debug|iPhoneSimulator.Build.0 = Debug|Any CPU
		{0D54038D-37E0-46A4-BE4C-43F8654814EE}.Debug|iPhoneSimulator.Deploy.0 = Debug|Any CPU
		{0D54038D-37E0-46A4-BE4C-43F8654814EE}.Release|Any CPU.ActiveCfg = Release|Any CPU
		{0D54038D-37E0-46A4-BE4C-43F8654814EE}.Release|Any CPU.Build.0 = Release|Any CPU
		{0D54038D-37E0-46A4-BE4C-43F8654814EE}.Release|Any CPU.Deploy.0 = Release|Any CPU
		{0D54038D-37E0-46A4-BE4C-43F8654814EE}.Release|iPhone.ActiveCfg = Release|Any CPU
		{0D54038D-37E0-46A4-BE4C-43F8654814EE}.Release|iPhone.Build.0 = Release|Any CPU
		{0D54038D-37E0-46A4-BE4C-43F8654814EE}.Release|iPhone.Deploy.0 = Release|Any CPU
		{0D54038D-37E0-46A4-BE4C-43F8654814EE}.Release|iPhoneSimulator.ActiveCfg = Release|Any CPU
		{0D54038D-37E0-46A4-BE4C-43F8654814EE}.Release|iPhoneSimulator.Build.0 = Release|Any CPU
		{0D54038D-37E0-46A4-BE4C-43F8654814EE}.Release|iPhoneSimulator.Deploy.0 = Release|Any CPU
		{4F60C4AD-9393-4DF5-B7F9-FBC21FFE57CD}.Ad-Hoc|Any CPU.ActiveCfg = Ad-Hoc|iPhone
		{4F60C4AD-9393-4DF5-B7F9-FBC21FFE57CD}.Ad-Hoc|iPhone.ActiveCfg = Ad-Hoc|iPhone
		{4F60C4AD-9393-4DF5-B7F9-FBC21FFE57CD}.Ad-Hoc|iPhone.Build.0 = Ad-Hoc|iPhone
		{4F60C4AD-9393-4DF5-B7F9-FBC21FFE57CD}.Ad-Hoc|iPhoneSimulator.ActiveCfg = Ad-Hoc|iPhoneSimulator
		{4F60C4AD-9393-4DF5-B7F9-FBC21FFE57CD}.Ad-Hoc|iPhoneSimulator.Build.0 = Ad-Hoc|iPhoneSimulator
		{4F60C4AD-9393-4DF5-B7F9-FBC21FFE57CD}.AppStore|Any CPU.ActiveCfg = AppStore|iPhone
		{4F60C4AD-9393-4DF5-B7F9-FBC21FFE57CD}.AppStore|iPhone.ActiveCfg = AppStore|iPhone
		{4F60C4AD-9393-4DF5-B7F9-FBC21FFE57CD}.AppStore|iPhone.Build.0 = AppStore|iPhone
		{4F60C4AD-9393-4DF5-B7F9-FBC21FFE57CD}.AppStore|iPhoneSimulator.ActiveCfg = AppStore|iPhoneSimulator
		{4F60C4AD-9393-4DF5-B7F9-FBC21FFE57CD}.AppStore|iPhoneSimulator.Build.0 = AppStore|iPhoneSimulator
		{4F60C4AD-9393-4DF5-B7F9-FBC21FFE57CD}.Debug|Any CPU.ActiveCfg = Debug|iPhone
		{4F60C4AD-9393-4DF5-B7F9-FBC21FFE57CD}.Debug|iPhone.ActiveCfg = Debug|iPhone
		{4F60C4AD-9393-4DF5-B7F9-FBC21FFE57CD}.Debug|iPhone.Build.0 = Debug|iPhone
		{4F60C4AD-9393-4DF5-B7F9-FBC21FFE57CD}.Debug|iPhoneSimulator.ActiveCfg = Debug|iPhoneSimulator
		{4F60C4AD-9393-4DF5-B7F9-FBC21FFE57CD}.Debug|iPhoneSimulator.Build.0 = Debug|iPhoneSimulator
		{4F60C4AD-9393-4DF5-B7F9-FBC21FFE57CD}.Release|Any CPU.ActiveCfg = Release|iPhone
		{4F60C4AD-9393-4DF5-B7F9-FBC21FFE57CD}.Release|iPhone.ActiveCfg = Release|iPhone
		{4F60C4AD-9393-4DF5-B7F9-FBC21FFE57CD}.Release|iPhone.Build.0 = Release|iPhone
		{4F60C4AD-9393-4DF5-B7F9-FBC21FFE57CD}.Release|iPhoneSimulator.ActiveCfg = Release|iPhoneSimulator
		{4F60C4AD-9393-4DF5-B7F9-FBC21FFE57CD}.Release|iPhoneSimulator.Build.0 = Release|iPhoneSimulator
	EndGlobalSection
	GlobalSection(SolutionProperties) = preSolution
		HideSolutionNode = FALSE
	EndGlobalSection
	GlobalSection(ExtensibilityGlobals) = postSolution
		SolutionGuid = {24F182DD-1943-4C86-98B9-FC9EF40F0F4E}
	EndGlobalSection
EndGlobal
